
Microsoft Visual Studio Solution File, Format Version 12.00
# Visual Studio 15
VisualStudioVersion = 15.0.26621.2
MinimumVisualStudioVersion = 10.0.40219.1
Project("{9A19103F-16F7-4668-BE54-9A1E7A4F7556}") = "SignalR_AspNetCoreDemo2", "SignalR_AspNetCoreDemo2\SignalR_AspNetCoreDemo2.csproj", "{723A6523-FABF-4CC4-B0B3-27F74D244680}"
EndProject
Global
	GlobalSection(SolutionConfigurationPlatforms) = preSolution
		Debug|Any CPU = Debug|Any CPU
		Release|Any CPU = Release|Any CPU
	EndGlobalSection
	GlobalSection(ProjectConfigurationPlatforms) = postSolution
		{723A6523-FABF-4CC4-B0B3-27F74D244680}.Debug|Any CPU.ActiveCfg = Debug|Any CPU
		{723A6523-FABF-4CC4-B0B3-27F74D244680}.Debug|Any CPU.Build.0 = Debug|Any CPU
		{723A6523-FABF-4CC4-B0B3-27F74D244680}.Release|Any CPU.ActiveCfg = Release|Any CPU
		{723A6523-FABF-4CC4-B0B3-27F74D244680}.Release|Any CPU.Build.0 = Release|Any CPU
	EndGlobalSection
	GlobalSection(SolutionProperties) = preSolution
		HideSolutionNode = FALSE
	EndGlobalSection
	GlobalSection(ExtensibilityGlobals) = postSolution
		SolutionGuid = {0DBFD690-065B-4E4B-8B42-720EBF9E111A}
	EndGlobalSection
EndGlobal
